
Microsoft Visual Studio Solution File, Format Version 12.00
# Visual Studio Version 17
VisualStudioVersion = 17.7.34202.233
MinimumVisualStudioVersion = 10.0.40219.1
Project("{8BC9CEB8-8B4A-11D0-8D11-00A0C91BC942}") = "NewNotepad", "NewNotepad\NewNotepad.vcxproj", "{B35927FF-9B7A-4173-8E95-79700BE62AFF}"
EndProject
Global
	GlobalSection(SolutionConfigurationPlatforms) = preSolution
		Debug|x64 = Debug|x64
		Debug|x86 = Debug|x86
		Release|x64 = Release|x64
		Release|x86 = Release|x86
	EndGlobalSection
	GlobalSection(ProjectConfigurationPlatforms) = postSolution
		{B35927FF-9B7A-4173-8E95-79700BE62AFF}.Debug|x64.ActiveCfg = Debug|x64
		{B35927FF-9B7A-4173-8E95-79700BE62AFF}.Debug|x64.Build.0 = Debug|x64
		{B35927FF-9B7A-4173-8E95-79700BE62AFF}.Debug|x86.ActiveCfg = Debug|Win32
		{B35927FF-9B7A-4173-8E95-79700BE62AFF}.Debug|x86.Build.0 = Debug|Win32
		{B35927FF-9B7A-4173-8E95-79700BE62AFF}.Release|x64.ActiveCfg = Release|x64
		{B35927FF-9B7A-4173-8E95-79700BE62AFF}.Release|x64.Build.0 = Release|x64
		{B35927FF-9B7A-4173-8E95-79700BE62AFF}.Release|x86.ActiveCfg = Release|Win32
		{B35927FF-9B7A-4173-8E95-79700BE62AFF}.Release|x86.Build.0 = Release|Win32
	EndGlobalSection
	GlobalSection(SolutionProperties) = preSolution
		HideSolutionNode = FALSE
	EndGlobalSection
	GlobalSection(ExtensibilityGlobals) = postSolution
		SolutionGuid = {CC66F29C-1DD5-4FC4-9F2E-C417D1E7C3AD}
	EndGlobalSection
EndGlobal
